
Microsoft Visual Studio Solution File, Format Version 12.00
# Visual Studio Version 16
VisualStudioVersion = 16.0.30413.136
MinimumVisualStudioVersion = 10.0.40219.1
Project("{FAE04EC0-301F-11D3-BF4B-00C04F79EFBC}") = "WorkflowTaskInfo", "WorkflowTaskInfo\WorkflowTaskInfo.csproj", "{59EE77AD-ACB3-4C02-A1D6-FF9441ED8BE3}"
EndProject
Global
	GlobalSection(SolutionConfigurationPlatforms) = preSolution
		Debug|Any CPU = Debug|Any CPU
		Release|Any CPU = Release|Any CPU
	EndGlobalSection
	GlobalSection(ProjectConfigurationPlatforms) = postSolution
		{59EE77AD-ACB3-4C02-A1D6-FF9441ED8BE3}.Debug|Any CPU.ActiveCfg = Debug|Any CPU
		{59EE77AD-ACB3-4C02-A1D6-FF9441ED8BE3}.Debug|Any CPU.Build.0 = Debug|Any CPU
		{59EE77AD-ACB3-4C02-A1D6-FF9441ED8BE3}.Release|Any CPU.ActiveCfg = Release|Any CPU
		{59EE77AD-ACB3-4C02-A1D6-FF9441ED8BE3}.Release|Any CPU.Build.0 = Release|Any CPU
	EndGlobalSection
	GlobalSection(SolutionProperties) = preSolution
		HideSolutionNode = FALSE
	EndGlobalSection
	GlobalSection(ExtensibilityGlobals) = postSolution
		SolutionGuid = {708F1C9E-CC05-45D9-9A45-B78EA2F3DDC6}
	EndGlobalSection
EndGlobal
